
Microsoft Visual Studio Solution File, Format Version 12.00
# Visual Studio 15
VisualStudioVersion = 15.0.28307.168
MinimumVisualStudioVersion = 10.0.40219.1
Project("{FAE04EC0-301F-11D3-BF4B-00C04F79EFBC}") = "Task 5.1 Forms", "Task 5.1 Forms\Task 5.1 Forms.csproj", "{459705AA-8D00-451F-9BCE-9D86697BA067}"
EndProject
Global
	GlobalSection(SolutionConfigurationPlatforms) = preSolution
		Debug|Any CPU = Debug|Any CPU
		Release|Any CPU = Release|Any CPU
	EndGlobalSection
	GlobalSection(ProjectConfigurationPlatforms) = postSolution
		{459705AA-8D00-451F-9BCE-9D86697BA067}.Debug|Any CPU.ActiveCfg = Debug|Any CPU
		{459705AA-8D00-451F-9BCE-9D86697BA067}.Debug|Any CPU.Build.0 = Debug|Any CPU
		{459705AA-8D00-451F-9BCE-9D86697BA067}.Release|Any CPU.ActiveCfg = Release|Any CPU
		{459705AA-8D00-451F-9BCE-9D86697BA067}.Release|Any CPU.Build.0 = Release|Any CPU
	EndGlobalSection
	GlobalSection(SolutionProperties) = preSolution
		HideSolutionNode = FALSE
	EndGlobalSection
	GlobalSection(ExtensibilityGlobals) = postSolution
		SolutionGuid = {D1BC65DB-84E1-4894-A422-1535623FDBC6}
	EndGlobalSection
EndGlobal
